
Microsoft Visual Studio Solution File, Format Version 12.00
# Visual Studio Version 16
VisualStudioVersion = 16.0.30517.126
MinimumVisualStudioVersion = 10.0.40219.1
Project("{9A19103F-16F7-4668-BE54-9A1E7A4F7556}") = "MusicVideoWebsite", "MusicVideoWebsite\MusicVideoWebsite.csproj", "{1FB1E4F0-5DC3-44E7-A7C4-7CAF0AFF4E73}"
EndProject
Global
	GlobalSection(SolutionConfigurationPlatforms) = preSolution
		Debug|Any CPU = Debug|Any CPU
		Release|Any CPU = Release|Any CPU
	EndGlobalSection
	GlobalSection(ProjectConfigurationPlatforms) = postSolution
		{1FB1E4F0-5DC3-44E7-A7C4-7CAF0AFF4E73}.Debug|Any CPU.ActiveCfg = Debug|Any CPU
		{1FB1E4F0-5DC3-44E7-A7C4-7CAF0AFF4E73}.Debug|Any CPU.Build.0 = Debug|Any CPU
		{1FB1E4F0-5DC3-44E7-A7C4-7CAF0AFF4E73}.Release|Any CPU.ActiveCfg = Release|Any CPU
		{1FB1E4F0-5DC3-44E7-A7C4-7CAF0AFF4E73}.Release|Any CPU.Build.0 = Release|Any CPU
	EndGlobalSection
	GlobalSection(SolutionProperties) = preSolution
		HideSolutionNode = FALSE
	EndGlobalSection
	GlobalSection(ExtensibilityGlobals) = postSolution
		SolutionGuid = {2536D060-6748-4A98-897E-17EA795D83DF}
	EndGlobalSection
EndGlobal
